
Microsoft Visual Studio Solution File, Format Version 12.00
# Visual Studio Version 17
VisualStudioVersion = 17.0.31903.59
MinimumVisualStudioVersion = 10.0.40219.1
Project("{2150E333-8FDC-42A3-9474-1A3956D46DE8}") = "src", "src", "{56D049A0-7AEA-4DB3-860F-3B68AE9BB608}"
EndProject
Project("{FAE04EC0-301F-11D3-BF4B-00C04F79EFBC}") = "Fraqt.Payment.API", "src\Fraqt.Payment.API\Fraqt.Payment.API.csproj", "{F65E197F-4B48-4C59-8BF9-34A1FE79CD09}"
EndProject
Global
	GlobalSection(SolutionConfigurationPlatforms) = preSolution
		Debug|Any CPU = Debug|Any CPU
		Release|Any CPU = Release|Any CPU
	EndGlobalSection
	GlobalSection(SolutionProperties) = preSolution
		HideSolutionNode = FALSE
	EndGlobalSection
	GlobalSection(ProjectConfigurationPlatforms) = postSolution
		{F65E197F-4B48-4C59-8BF9-34A1FE79CD09}.Debug|Any CPU.ActiveCfg = Debug|Any CPU
		{F65E197F-4B48-4C59-8BF9-34A1FE79CD09}.Debug|Any CPU.Build.0 = Debug|Any CPU
		{F65E197F-4B48-4C59-8BF9-34A1FE79CD09}.Release|Any CPU.ActiveCfg = Release|Any CPU
		{F65E197F-4B48-4C59-8BF9-34A1FE79CD09}.Release|Any CPU.Build.0 = Release|Any CPU
	EndGlobalSection
	GlobalSection(NestedProjects) = preSolution
		{F65E197F-4B48-4C59-8BF9-34A1FE79CD09} = {56D049A0-7AEA-4DB3-860F-3B68AE9BB608}
	EndGlobalSection
EndGlobal
